
Microsoft Visual Studio Solution File, Format Version 12.00
# Visual Studio Version 16
VisualStudioVersion = 16.0.31025.194
MinimumVisualStudioVersion = 10.0.40219.1
Project("{9A19103F-16F7-4668-BE54-9A1E7A4F7556}") = "HomeCenterTest.Core", "HomeCenterTest.Core\HomeCenterTest.Core.csproj", "{1C1900CD-97F0-4E3B-A9F2-D0BB0EFA7DB1}"
EndProject
Project("{9A19103F-16F7-4668-BE54-9A1E7A4F7556}") = "HomeCenterTest.Infrastructure", "HomeCenterTest.Infrastructure\HomeCenterTest.Infrastructure.csproj", "{82066AD7-76DC-47F0-B243-299282A131CE}"
EndProject
Project("{FAE04EC0-301F-11D3-BF4B-00C04F79EFBC}") = "HomeCenterTest.Api", "HomeCenterTest.Api\HomeCenterTest.Api.csproj", "{BD356901-528E-4916-9106-D356BC4D3180}"
EndProject
Global
	GlobalSection(SolutionConfigurationPlatforms) = preSolution
		Debug|Any CPU = Debug|Any CPU
		Release|Any CPU = Release|Any CPU
	EndGlobalSection
	GlobalSection(ProjectConfigurationPlatforms) = postSolution
		{1C1900CD-97F0-4E3B-A9F2-D0BB0EFA7DB1}.Debug|Any CPU.ActiveCfg = Debug|Any CPU
		{1C1900CD-97F0-4E3B-A9F2-D0BB0EFA7DB1}.Debug|Any CPU.Build.0 = Debug|Any CPU
		{1C1900CD-97F0-4E3B-A9F2-D0BB0EFA7DB1}.Release|Any CPU.ActiveCfg = Release|Any CPU
		{1C1900CD-97F0-4E3B-A9F2-D0BB0EFA7DB1}.Release|Any CPU.Build.0 = Release|Any CPU
		{82066AD7-76DC-47F0-B243-299282A131CE}.Debug|Any CPU.ActiveCfg = Debug|Any CPU
		{82066AD7-76DC-47F0-B243-299282A131CE}.Debug|Any CPU.Build.0 = Debug|Any CPU
		{82066AD7-76DC-47F0-B243-299282A131CE}.Release|Any CPU.ActiveCfg = Release|Any CPU
		{82066AD7-76DC-47F0-B243-299282A131CE}.Release|Any CPU.Build.0 = Release|Any CPU
		{BD356901-528E-4916-9106-D356BC4D3180}.Debug|Any CPU.ActiveCfg = Debug|Any CPU
		{BD356901-528E-4916-9106-D356BC4D3180}.Debug|Any CPU.Build.0 = Debug|Any CPU
		{BD356901-528E-4916-9106-D356BC4D3180}.Release|Any CPU.ActiveCfg = Release|Any CPU
		{BD356901-528E-4916-9106-D356BC4D3180}.Release|Any CPU.Build.0 = Release|Any CPU
	EndGlobalSection
	GlobalSection(SolutionProperties) = preSolution
		HideSolutionNode = FALSE
	EndGlobalSection
	GlobalSection(ExtensibilityGlobals) = postSolution
		SolutionGuid = {4A0B5B04-F822-443E-8768-0A54720F2B63}
	EndGlobalSection
EndGlobal
